
Microsoft Visual Studio Solution File, Format Version 12.00
# Visual Studio Version 17
VisualStudioVersion = 17.3.32825.248
MinimumVisualStudioVersion = 10.0.40219.1
Project("{FAE04EC0-301F-11D3-BF4B-00C04F79EFBC}") = "Notepad", "Notepad.csproj", "{29F1E1AA-1FA3-4406-A11C-503517F1EECF}"
EndProject
Global
	GlobalSection(SolutionConfigurationPlatforms) = preSolution
		Debug|Any CPU = Debug|Any CPU
		Release|Any CPU = Release|Any CPU
	EndGlobalSection
	GlobalSection(ProjectConfigurationPlatforms) = postSolution
		{29F1E1AA-1FA3-4406-A11C-503517F1EECF}.Debug|Any CPU.ActiveCfg = Debug|Any CPU
		{29F1E1AA-1FA3-4406-A11C-503517F1EECF}.Debug|Any CPU.Build.0 = Debug|Any CPU
		{29F1E1AA-1FA3-4406-A11C-503517F1EECF}.Release|Any CPU.ActiveCfg = Release|Any CPU
		{29F1E1AA-1FA3-4406-A11C-503517F1EECF}.Release|Any CPU.Build.0 = Release|Any CPU
	EndGlobalSection
	GlobalSection(SolutionProperties) = preSolution
		HideSolutionNode = FALSE
	EndGlobalSection
	GlobalSection(ExtensibilityGlobals) = postSolution
		SolutionGuid = {D181D01C-3B62-46F1-9FE1-319C5821F139}
	EndGlobalSection
EndGlobal
